Microsoft Visual Studio Solution File, Format Version 12.00
# Visual Studio 2012
Project("{FAE04EC0-301F-11D3-BF4B-00C04F79EFBC}") = "2D RPG", "2D RPG.csproj", "{E898D1AA-1759-46EC-B801-C6F847294457}"
EndProject
Global
	GlobalSection(SolutionConfigurationPlatforms) = preSolution
	Debug|Any CPU = Debug|Any CPU
	ExportDebug|Any CPU = ExportDebug|Any CPU
	ExportRelease|Any CPU = ExportRelease|Any CPU
	EndGlobalSection
	GlobalSection(ProjectConfigurationPlatforms) = postSolution
		{E898D1AA-1759-46EC-B801-C6F847294457}.Debug|Any CPU.ActiveCfg = Debug|Any CPU
		{E898D1AA-1759-46EC-B801-C6F847294457}.Debug|Any CPU.Build.0 = Debug|Any CPU
		{E898D1AA-1759-46EC-B801-C6F847294457}.ExportDebug|Any CPU.ActiveCfg = ExportDebug|Any CPU
		{E898D1AA-1759-46EC-B801-C6F847294457}.ExportDebug|Any CPU.Build.0 = ExportDebug|Any CPU
		{E898D1AA-1759-46EC-B801-C6F847294457}.ExportRelease|Any CPU.ActiveCfg = ExportRelease|Any CPU
		{E898D1AA-1759-46EC-B801-C6F847294457}.ExportRelease|Any CPU.Build.0 = ExportRelease|Any CPU
	EndGlobalSection
EndGlobal
